
Microsoft Visual Studio Solution File, Format Version 12.00
# Visual Studio 2012
Project("{FAE04EC0-301F-11D3-BF4B-00C04F79EFBC}") = "MaterialDesignSandbox.iOS", "iOS\MaterialDesignSandbox.iOS.csproj", "{6F033BFA-9539-47FA-ADDE-9AE11382A840}"
EndProject
Project("{FAE04EC0-301F-11D3-BF4B-00C04F79EFBC}") = "MaterialDesignSandbox.Droid", "Droid\MaterialDesignSandbox.Droid.csproj", "{FFD850A9-951C-4908-BBA2-D9BECAD460FA}"
EndProject
Project("{FAE04EC0-301F-11D3-BF4B-00C04F79EFBC}") = "MaterialDesignSandbox", "MaterialDesignSandbox\MaterialDesignSandbox.csproj", "{70EC6F2B-968B-420A-9C7C-DBCDBB3AFBFA}"
EndProject
Project("{FAE04EC0-301F-11D3-BF4B-00C04F79EFBC}") = "MaterialDesignSandbox.Tests", "MaterialDesignSandbox.Tests\MaterialDesignSandbox.Tests.csproj", "{FD15191D-4E48-452C-BA68-EAF99AC6F0A4}"
EndProject
Project("{FAE04EC0-301F-11D3-BF4B-00C04F79EFBC}") = "Supermortal.Common.Droid.Classes", "..\Supermortal.Common.Droid.Classes\Supermortal.Common.Droid.Classes.csproj", "{B7AD8CA1-E826-4777-BD28-A9C35C225AF7}"
EndProject
Project("{FAE04EC0-301F-11D3-BF4B-00C04F79EFBC}") = "Supermortal.Common.PCL", "..\Supermortal.Common.PCL\Supermortal.Common.PCL\Supermortal.Common.PCL.csproj", "{48B2B177-BC6F-4D97-B2E9-6BA4C567D1BB}"
EndProject
Project("{FAE04EC0-301F-11D3-BF4B-00C04F79EFBC}") = "Supermortal.Common.Mobile", "..\..\Supermortal.Common.Mobile\Supermortal.Common.Mobile\Supermortal.Common.Mobile\Supermortal.Common.Mobile.csproj", "{3A0AD124-38A8-497E-9BA3-A06C3A4D6B1A}"
EndProject
Global
	GlobalSection(SolutionConfigurationPlatforms) = preSolution
		Debug|iPhoneSimulator = Debug|iPhoneSimulator
		Release|iPhone = Release|iPhone
		Release|iPhoneSimulator = Release|iPhoneSimulator
		Debug|iPhone = Debug|iPhone
		Debug|Any CPU = Debug|Any CPU
		Release|Any CPU = Release|Any CPU
	EndGlobalSection
	GlobalSection(ProjectConfigurationPlatforms) = postSolution
		{3A0AD124-38A8-497E-9BA3-A06C3A4D6B1A}.Debug|Any CPU.ActiveCfg = Debug|Any CPU
		{3A0AD124-38A8-497E-9BA3-A06C3A4D6B1A}.Debug|Any CPU.Build.0 = Debug|Any CPU
		{3A0AD124-38A8-497E-9BA3-A06C3A4D6B1A}.Debug|iPhone.ActiveCfg = Debug|Any CPU
		{3A0AD124-38A8-497E-9BA3-A06C3A4D6B1A}.Debug|iPhone.Build.0 = Debug|Any CPU
		{3A0AD124-38A8-497E-9BA3-A06C3A4D6B1A}.Debug|iPhoneSimulator.ActiveCfg = Debug|Any CPU
		{3A0AD124-38A8-497E-9BA3-A06C3A4D6B1A}.Debug|iPhoneSimulator.Build.0 = Debug|Any CPU
		{3A0AD124-38A8-497E-9BA3-A06C3A4D6B1A}.Release|Any CPU.ActiveCfg = Release|Any CPU
		{3A0AD124-38A8-497E-9BA3-A06C3A4D6B1A}.Release|Any CPU.Build.0 = Release|Any CPU
		{3A0AD124-38A8-497E-9BA3-A06C3A4D6B1A}.Release|iPhone.ActiveCfg = Release|Any CPU
		{3A0AD124-38A8-497E-9BA3-A06C3A4D6B1A}.Release|iPhone.Build.0 = Release|Any CPU
		{3A0AD124-38A8-497E-9BA3-A06C3A4D6B1A}.Release|iPhoneSimulator.ActiveCfg = Release|Any CPU
		{3A0AD124-38A8-497E-9BA3-A06C3A4D6B1A}.Release|iPhoneSimulator.Build.0 = Release|Any CPU
		{48B2B177-BC6F-4D97-B2E9-6BA4C567D1BB}.Debug|Any CPU.ActiveCfg = Debug|Any CPU
		{48B2B177-BC6F-4D97-B2E9-6BA4C567D1BB}.Debug|Any CPU.Build.0 = Debug|Any CPU
		{48B2B177-BC6F-4D97-B2E9-6BA4C567D1BB}.Debug|iPhone.ActiveCfg = Debug|Any CPU
		{48B2B177-BC6F-4D97-B2E9-6BA4C567D1BB}.Debug|iPhone.Build.0 = Debug|Any CPU
		{48B2B177-BC6F-4D97-B2E9-6BA4C567D1BB}.Debug|iPhoneSimulator.ActiveCfg = Debug|Any CPU
		{48B2B177-BC6F-4D97-B2E9-6BA4C567D1BB}.Debug|iPhoneSimulator.Build.0 = Debug|Any CPU
		{48B2B177-BC6F-4D97-B2E9-6BA4C567D1BB}.Release|Any CPU.ActiveCfg = Release|Any CPU
		{48B2B177-BC6F-4D97-B2E9-6BA4C567D1BB}.Release|Any CPU.Build.0 = Release|Any CPU
		{48B2B177-BC6F-4D97-B2E9-6BA4C567D1BB}.Release|iPhone.ActiveCfg = Release|Any CPU
		{48B2B177-BC6F-4D97-B2E9-6BA4C567D1BB}.Release|iPhone.Build.0 = Release|Any CPU
		{48B2B177-BC6F-4D97-B2E9-6BA4C567D1BB}.Release|iPhoneSimulator.ActiveCfg = Release|Any CPU
		{48B2B177-BC6F-4D97-B2E9-6BA4C567D1BB}.Release|iPhoneSimulator.Build.0 = Release|Any CPU
		{6F033BFA-9539-47FA-ADDE-9AE11382A840}.Debug|Any CPU.ActiveCfg = Debug|iPhoneSimulator
		{6F033BFA-9539-47FA-ADDE-9AE11382A840}.Debug|Any CPU.Build.0 = Debug|iPhoneSimulator
		{6F033BFA-9539-47FA-ADDE-9AE11382A840}.Debug|iPhone.ActiveCfg = Debug|iPhone
		{6F033BFA-9539-47FA-ADDE-9AE11382A840}.Debug|iPhone.Build.0 = Debug|iPhone
		{6F033BFA-9539-47FA-ADDE-9AE11382A840}.Debug|iPhoneSimulator.ActiveCfg = Debug|iPhoneSimulator
		{6F033BFA-9539-47FA-ADDE-9AE11382A840}.Debug|iPhoneSimulator.Build.0 = Debug|iPhoneSimulator
		{6F033BFA-9539-47FA-ADDE-9AE11382A840}.Release|Any CPU.ActiveCfg = Release|iPhone
		{6F033BFA-9539-47FA-ADDE-9AE11382A840}.Release|Any CPU.Build.0 = Release|iPhone
		{6F033BFA-9539-47FA-ADDE-9AE11382A840}.Release|iPhone.ActiveCfg = Release|iPhone
		{6F033BFA-9539-47FA-ADDE-9AE11382A840}.Release|iPhone.Build.0 = Release|iPhone
		{6F033BFA-9539-47FA-ADDE-9AE11382A840}.Release|iPhoneSimulator.ActiveCfg = Release|iPhoneSimulator
		{6F033BFA-9539-47FA-ADDE-9AE11382A840}.Release|iPhoneSimulator.Build.0 = Release|iPhoneSimulator
		{70EC6F2B-968B-420A-9C7C-DBCDBB3AFBFA}.Debug|Any CPU.ActiveCfg = Debug|Any CPU
		{70EC6F2B-968B-420A-9C7C-DBCDBB3AFBFA}.Debug|Any CPU.Build.0 = Debug|Any CPU
		{70EC6F2B-968B-420A-9C7C-DBCDBB3AFBFA}.Debug|iPhone.ActiveCfg = Debug|Any CPU
		{70EC6F2B-968B-420A-9C7C-DBCDBB3AFBFA}.Debug|iPhone.Build.0 = Debug|Any CPU
		{70EC6F2B-968B-420A-9C7C-DBCDBB3AFBFA}.Debug|iPhoneSimulator.ActiveCfg = Debug|Any CPU
		{70EC6F2B-968B-420A-9C7C-DBCDBB3AFBFA}.Debug|iPhoneSimulator.Build.0 = Debug|Any CPU
		{70EC6F2B-968B-420A-9C7C-DBCDBB3AFBFA}.Release|Any CPU.ActiveCfg = Release|Any CPU
		{70EC6F2B-968B-420A-9C7C-DBCDBB3AFBFA}.Release|Any CPU.Build.0 = Release|Any CPU
		{70EC6F2B-968B-420A-9C7C-DBCDBB3AFBFA}.Release|iPhone.ActiveCfg = Release|Any CPU
		{70EC6F2B-968B-420A-9C7C-DBCDBB3AFBFA}.Release|iPhone.Build.0 = Release|Any CPU
		{70EC6F2B-968B-420A-9C7C-DBCDBB3AFBFA}.Release|iPhoneSimulator.ActiveCfg = Release|Any CPU
		{70EC6F2B-968B-420A-9C7C-DBCDBB3AFBFA}.Release|iPhoneSimulator.Build.0 = Release|Any CPU
		{B7AD8CA1-E826-4777-BD28-A9C35C225AF7}.Debug|Any CPU.ActiveCfg = Debug|Any CPU
		{B7AD8CA1-E826-4777-BD28-A9C35C225AF7}.Debug|Any CPU.Build.0 = Debug|Any CPU
		{B7AD8CA1-E826-4777-BD28-A9C35C225AF7}.Debug|iPhone.ActiveCfg = Debug|Any CPU
		{B7AD8CA1-E826-4777-BD28-A9C35C225AF7}.Debug|iPhone.Build.0 = Debug|Any CPU
		{B7AD8CA1-E826-4777-BD28-A9C35C225AF7}.Debug|iPhoneSimulator.ActiveCfg = Debug|Any CPU
		{B7AD8CA1-E826-4777-BD28-A9C35C225AF7}.Debug|iPhoneSimulator.Build.0 = Debug|Any CPU
		{B7AD8CA1-E826-4777-BD28-A9C35C225AF7}.Release|Any CPU.ActiveCfg = Release|Any CPU
		{B7AD8CA1-E826-4777-BD28-A9C35C225AF7}.Release|Any CPU.Build.0 = Release|Any CPU
		{B7AD8CA1-E826-4777-BD28-A9C35C225AF7}.Release|iPhone.ActiveCfg = Release|Any CPU
		{B7AD8CA1-E826-4777-BD28-A9C35C225AF7}.Release|iPhone.Build.0 = Release|Any CPU
		{B7AD8CA1-E826-4777-BD28-A9C35C225AF7}.Release|iPhoneSimulator.ActiveCfg = Release|Any CPU
		{B7AD8CA1-E826-4777-BD28-A9C35C225AF7}.Release|iPhoneSimulator.Build.0 = Release|Any CPU
		{FD15191D-4E48-452C-BA68-EAF99AC6F0A4}.Debug|Any CPU.ActiveCfg = Debug|Any CPU
		{FD15191D-4E48-452C-BA68-EAF99AC6F0A4}.Debug|Any CPU.Build.0 = Debug|Any CPU
		{FD15191D-4E48-452C-BA68-EAF99AC6F0A4}.Debug|iPhone.ActiveCfg = Debug|Any CPU
		{FD15191D-4E48-452C-BA68-EAF99AC6F0A4}.Debug|iPhone.Build.0 = Debug|Any CPU
		{FD15191D-4E48-452C-BA68-EAF99AC6F0A4}.Debug|iPhoneSimulator.ActiveCfg = Debug|Any CPU
		{FD15191D-4E48-452C-BA68-EAF99AC6F0A4}.Debug|iPhoneSimulator.Build.0 = Debug|Any CPU
		{FD15191D-4E48-452C-BA68-EAF99AC6F0A4}.Release|Any CPU.ActiveCfg = Release|Any CPU
		{FD15191D-4E48-452C-BA68-EAF99AC6F0A4}.Release|Any CPU.Build.0 = Release|Any CPU
		{FD15191D-4E48-452C-BA68-EAF99AC6F0A4}.Release|iPhone.ActiveCfg = Release|Any CPU
		{FD15191D-4E48-452C-BA68-EAF99AC6F0A4}.Release|iPhone.Build.0 = Release|Any CPU
		{FD15191D-4E48-452C-BA68-EAF99AC6F0A4}.Release|iPhoneSimulator.ActiveCfg = Release|Any CPU
		{FD15191D-4E48-452C-BA68-EAF99AC6F0A4}.Release|iPhoneSimulator.Build.0 = Release|Any CPU
		{FFD850A9-951C-4908-BBA2-D9BECAD460FA}.Debug|Any CPU.ActiveCfg = Debug|Any CPU
		{FFD850A9-951C-4908-BBA2-D9BECAD460FA}.Debug|Any CPU.Build.0 = Debug|Any CPU
		{FFD850A9-951C-4908-BBA2-D9BECAD460FA}.Debug|iPhone.ActiveCfg = Debug|Any CPU
		{FFD850A9-951C-4908-BBA2-D9BECAD460FA}.Debug|iPhone.Build.0 = Debug|Any CPU
		{FFD850A9-951C-4908-BBA2-D9BECAD460FA}.Debug|iPhoneSimulator.ActiveCfg = Debug|Any CPU
		{FFD850A9-951C-4908-BBA2-D9BECAD460FA}.Debug|iPhoneSimulator.Build.0 = Debug|Any CPU
		{FFD850A9-951C-4908-BBA2-D9BECAD460FA}.Release|Any CPU.ActiveCfg = Release|Any CPU
		{FFD850A9-951C-4908-BBA2-D9BECAD460FA}.Release|Any CPU.Build.0 = Release|Any CPU
		{FFD850A9-951C-4908-BBA2-D9BECAD460FA}.Release|iPhone.ActiveCfg = Release|Any CPU
		{FFD850A9-951C-4908-BBA2-D9BECAD460FA}.Release|iPhone.Build.0 = Release|Any CPU
		{FFD850A9-951C-4908-BBA2-D9BECAD460FA}.Release|iPhoneSimulator.ActiveCfg = Release|Any CPU
		{FFD850A9-951C-4908-BBA2-D9BECAD460FA}.Release|iPhoneSimulator.Build.0 = Release|Any CPU
	EndGlobalSection
EndGlobal
